// !$*UTF8*$!
{
	archiveVersion = 1;
	classes = {
	};
	objectVersion = 56;
	objects = {

/* Begin PBXBuildFile section */
		B3708CBF2B5D413800357B12 /* TechnicBold.ttf in Resources */ = {isa = PBXBuildFile; fileRef = B3708CB42B59549500357B12 /* TechnicBold.ttf */; };
		B3708CC12B5D41D000357B12 /* TCFonts.swift in Sources */ = {isa = PBXBuildFile; fileRef = B3708CC02B5D41D000357B12 /* TCFonts.swift */; };
		B3708CC32B5D471800357B12 /* TicketView.swift in Sources */ = {isa = PBXBuildFile; fileRef = B3708CC22B5D471800357B12 /* TicketView.swift */; };
		B3708CCA2B5E395500357B12 /* QRGen.swift in Sources */ = {isa = PBXBuildFile; fileRef = B3708CC92B5E395500357B12 /* QRGen.swift */; };
		B3708CCC2B5E3D7A00357B12 /* EditorView.swift in Sources */ = {isa = PBXBuildFile; fileRef = B3708CCB2B5E3D7A00357B12 /* EditorView.swift */; };
		B3708CCE2B5E40CA00357B12 /* Helpers.swift in Sources */ = {isa = PBXBuildFile; fileRef = B3708CCD2B5E40CA00357B12 /* Helpers.swift */; };
		B3BF587E2C627AE000AD72DF /* DebugView.swift in Sources */ = {isa = PBXBuildFile; fileRef = B3BF587D2C627AE000AD72DF /* DebugView.swift */; };
		B3BF58882C65236C00AD72DF /* STSongti-SC-Regular.subset.ttf in Resources */ = {isa = PBXBuildFile; fileRef = B3BF587F2C65236C00AD72DF /* STSongti-SC-Regular.subset.ttf */; };
		B3BF58892C65236C00AD72DF /* STSongti-SC-Light.subset.ttf in Resources */ = {isa = PBXBuildFile; fileRef = B3BF58802C65236C00AD72DF /* STSongti-SC-Light.subset.ttf */; };
		B3BF588A2C65236C00AD72DF /* STSongti-SC-Black.subset.ttf in Resources */ = {isa = PBXBuildFile; fileRef = B3BF58812C65236C00AD72DF /* STSongti-SC-Black.subset.ttf */; };
		B3BF588B2C65236C00AD72DF /* ArialUnicode.subset.ttf in Resources */ = {isa = PBXBuildFile; fileRef = B3BF58822C65236C00AD72DF /* ArialUnicode.subset.ttf */; };
		B3BF588C2C65236C00AD72DF /* SimHei.subset.ttf in Resources */ = {isa = PBXBuildFile; fileRef = B3BF58832C65236C00AD72DF /* SimHei.subset.ttf */; };
		B3BF588D2C65236C00AD72DF /* FangSong_GB2312.subset.ttf in Resources */ = {isa = PBXBuildFile; fileRef = B3BF58842C65236C00AD72DF /* FangSong_GB2312.subset.ttf */; };
		B3BF588E2C65236C00AD72DF /* STSongti-SC-Bold.subset.ttf in Resources */ = {isa = PBXBuildFile; fileRef = B3BF58852C65236C00AD72DF /* STSongti-SC-Bold.subset.ttf */; };
		B3BF588F2C65236C00AD72DF /* SimSun.subset.ttf in Resources */ = {isa = PBXBuildFile; fileRef = B3BF58862C65236C00AD72DF /* SimSun.subset.ttf */; };
		B3BF58902C65236C00AD72DF /* STSong.subset.ttf in Resources */ = {isa = PBXBuildFile; fileRef = B3BF58872C65236C00AD72DF /* STSong.subset.ttf */; };
		B3BF58922C65CBC800AD72DF /* ContentView+Layouts.swift in Sources */ = {isa = PBXBuildFile; fileRef = B3BF58912C65CBC800AD72DF /* ContentView+Layouts.swift */; };
		B3BF58942C65CC0000AD72DF /* ContentView+TicketPreview.swift in Sources */ = {isa = PBXBuildFile; fileRef = B3BF58932C65CC0000AD72DF /* ContentView+TicketPreview.swift */; };
		B3BF58962C65CC6300AD72DF /* ContentView+Controls.swift in Sources */ = {isa = PBXBuildFile; fileRef = B3BF58952C65CC6300AD72DF /* ContentView+Controls.swift */; };
		B3C339F62B00FE540003BEF4 /* TicketCollectionApp.swift in Sources */ = {isa = PBXBuildFile; fileRef = B3C339F52B00FE540003BEF4 /* TicketCollectionApp.swift */; };
		B3C339F82B00FE540003BEF4 /* ContentView.swift in Sources */ = {isa = PBXBuildFile; fileRef = B3C339F72B00FE540003BEF4 /* ContentView.swift */; };
		B3C339FA2B00FE550003BEF4 /* Assets.xcassets in Resources */ = {isa = PBXBuildFile; fileRef = B3C339F92B00FE550003BEF4 /* Assets.xcassets */; };
		B3C339FD2B00FE550003BEF4 /* Preview Assets.xcassets in Resources */ = {isa = PBXBuildFile; fileRef = B3C339FC2B00FE550003BEF4 /* Preview Assets.xcassets */; };
		B3DB59852C37D54E00CFC01E /* TicketInfo.swift in Sources */ = {isa = PBXBuildFile; fileRef = B3DB59842C37D54E00CFC01E /* TicketInfo.swift */; };
/* End PBXBuildFile section */

/* Begin PBXFileReference section */
		B3708CB42B59549500357B12 /* TechnicBold.ttf */ = {isa = PBXFileReference; lastKnownFileType = file; path = TechnicBold.ttf; sourceTree = "<group>"; };
		B3708CB72B5954BC00357B12 /* Info.plist */ = {isa = PBXFileReference; lastKnownFileType = text.plist; path = Info.plist; sourceTree = "<group>"; };
		B3708CC02B5D41D000357B12 /* TCFonts.swift */ = {isa = PBXFileReference; lastKnownFileType = sourcecode.swift; path = TCFonts.swift; sourceTree = "<group>"; };
		B3708CC22B5D471800357B12 /* TicketView.swift */ = {isa = PBXFileReference; lastKnownFileType = sourcecode.swift; path = TicketView.swift; sourceTree = "<group>"; };
		B3708CC92B5E395500357B12 /* QRGen.swift */ = {isa = PBXFileReference; lastKnownFileType = sourcecode.swift; path = QRGen.swift; sourceTree = "<group>"; };
		B3708CCB2B5E3D7A00357B12 /* EditorView.swift */ = {isa = PBXFileReference; lastKnownFileType = sourcecode.swift; path = EditorView.swift; sourceTree = "<group>"; };
		B3708CCD2B5E40CA00357B12 /* Helpers.swift */ = {isa = PBXFileReference; lastKnownFileType = sourcecode.swift; path = Helpers.swift; sourceTree = "<group>"; };
		B3BF587D2C627AE000AD72DF /* DebugView.swift */ = {isa = PBXFileReference; lastKnownFileType = sourcecode.swift; path = DebugView.swift; sourceTree = "<group>"; };
		B3BF587F2C65236C00AD72DF /* STSongti-SC-Regular.subset.ttf */ = {isa = PBXFileReference; lastKnownFileType = file; path = "STSongti-SC-Regular.subset.ttf"; sourceTree = "<group>"; };
		B3BF58802C65236C00AD72DF /* STSongti-SC-Light.subset.ttf */ = {isa = PBXFileReference; lastKnownFileType = file; path = "STSongti-SC-Light.subset.ttf"; sourceTree = "<group>"; };
		B3BF58812C65236C00AD72DF /* STSongti-SC-Black.subset.ttf */ = {isa = PBXFileReference; lastKnownFileType = file; path = "STSongti-SC-Black.subset.ttf"; sourceTree = "<group>"; };
		B3BF58822C65236C00AD72DF /* ArialUnicode.subset.ttf */ = {isa = PBXFileReference; lastKnownFileType = file; path = ArialUnicode.subset.ttf; sourceTree = "<group>"; };
		B3BF58832C65236C00AD72DF /* SimHei.subset.ttf */ = {isa = PBXFileReference; lastKnownFileType = file; path = SimHei.subset.ttf; sourceTree = "<group>"; };
		B3BF58842C65236C00AD72DF /* FangSong_GB2312.subset.ttf */ = {isa = PBXFileReference; lastKnownFileType = file; path = FangSong_GB2312.subset.ttf; sourceTree = "<group>"; };
		B3BF58852C65236C00AD72DF /* STSongti-SC-Bold.subset.ttf */ = {isa = PBXFileReference; lastKnownFileType = file; path = "STSongti-SC-Bold.subset.ttf"; sourceTree = "<group>"; };
		B3BF58862C65236C00AD72DF /* SimSun.subset.ttf */ = {isa = PBXFileReference; lastKnownFileType = file; path = SimSun.subset.ttf; sourceTree = "<group>"; };
		B3BF58872C65236C00AD72DF /* STSong.subset.ttf */ = {isa = PBXFileReference; lastKnownFileType = file; path = STSong.subset.ttf; sourceTree = "<group>"; };
		B3BF58912C65CBC800AD72DF /* ContentView+Layouts.swift */ = {isa = PBXFileReference; lastKnownFileType = sourcecode.swift; path = "ContentView+Layouts.swift"; sourceTree = "<group>"; };
		B3BF58932C65CC0000AD72DF /* ContentView+TicketPreview.swift */ = {isa = PBXFileReference; lastKnownFileType = sourcecode.swift; path = "ContentView+TicketPreview.swift"; sourceTree = "<group>"; };
		B3BF58952C65CC6300AD72DF /* ContentView+Controls.swift */ = {isa = PBXFileReference; lastKnownFileType = sourcecode.swift; path = "ContentView+Controls.swift"; sourceTree = "<group>"; };
		B3C339F22B00FE540003BEF4 /* TicketCollection.app */ = {isa = PBXFileReference; explicitFileType = wrapper.application; includeInIndex = 0; path = TicketCollection.app; sourceTree = BUILT_PRODUCTS_DIR; };
		B3C339F52B00FE540003BEF4 /* TicketCollectionApp.swift */ = {isa = PBXFileReference; lastKnownFileType = sourcecode.swift; path = TicketCollectionApp.swift; sourceTree = "<group>"; };
		B3C339F72B00FE540003BEF4 /* ContentView.swift */ = {isa = PBXFileReference; lastKnownFileType = sourcecode.swift; path = ContentView.swift; sourceTree = "<group>"; };
		B3C339F92B00FE550003BEF4 /* Assets.xcassets */ = {isa = PBXFileReference; lastKnownFileType = folder.assetcatalog; path = Assets.xcassets; sourceTree = "<group>"; };
		B3C339FC2B00FE550003BEF4 /* Preview Assets.xcassets */ = {isa = PBXFileReference; lastKnownFileType = folder.assetcatalog; path = "Preview Assets.xcassets"; sourceTree = "<group>"; };
		B3DB59842C37D54E00CFC01E /* TicketInfo.swift */ = {isa = PBXFileReference; lastKnownFileType = sourcecode.swift; path = TicketInfo.swift; sourceTree = "<group>"; };
/* End PBXFileReference section */

/* Begin PBXFrameworksBuildPhase section */
		B3C339EF2B00FE540003BEF4 /* Frameworks */ = {
			isa = PBXFrameworksBuildPhase;
			buildActionMask = 2147483647;
			files = (
			);
			runOnlyForDeploymentPostprocessing = 0;
		};
/* End PBXFrameworksBuildPhase section */

/* Begin PBXGroup section */
		B3708CAF2B59548500357B12 /* fonts */ = {
			isa = PBXGroup;
			children = (
				B3BF58822C65236C00AD72DF /* ArialUnicode.subset.ttf */,
				B3BF58842C65236C00AD72DF /* FangSong_GB2312.subset.ttf */,
				B3BF58832C65236C00AD72DF /* SimHei.subset.ttf */,
				B3BF58862C65236C00AD72DF /* SimSun.subset.ttf */,
				B3BF58872C65236C00AD72DF /* STSong.subset.ttf */,
				B3BF58812C65236C00AD72DF /* STSongti-SC-Black.subset.ttf */,
				B3BF58852C65236C00AD72DF /* STSongti-SC-Bold.subset.ttf */,
				B3BF58802C65236C00AD72DF /* STSongti-SC-Light.subset.ttf */,
				B3BF587F2C65236C00AD72DF /* STSongti-SC-Regular.subset.ttf */,
				B3708CB42B59549500357B12 /* TechnicBold.ttf */,
			);
			path = fonts;
			sourceTree = "<group>";
		};
		B3BF58972C65D17100AD72DF /* Misc */ = {
			isa = PBXGroup;
			children = (
				B3DB59842C37D54E00CFC01E /* TicketInfo.swift */,
				B3708CC02B5D41D000357B12 /* TCFonts.swift */,
				B3708CC92B5E395500357B12 /* QRGen.swift */,
				B3708CCD2B5E40CA00357B12 /* Helpers.swift */,
			);
			path = Misc;
			sourceTree = "<group>";
		};
		B3C339E92B00FE540003BEF4 = {
			isa = PBXGroup;
			children = (
				B3C339F42B00FE540003BEF4 /* TicketCollection */,
				B3C339F32B00FE540003BEF4 /* Products */,
			);
			sourceTree = "<group>";
		};
		B3C339F32B00FE540003BEF4 /* Products */ = {
			isa = PBXGroup;
			children = (
				B3C339F22B00FE540003BEF4 /* TicketCollection.app */,
			);
			name = Products;
			sourceTree = "<group>";
		};
		B3C339F42B00FE540003BEF4 /* TicketCollection */ = {
			isa = PBXGroup;
			children = (
				B3708CB72B5954BC00357B12 /* Info.plist */,
				B3708CAF2B59548500357B12 /* fonts */,
				B3C339F52B00FE540003BEF4 /* TicketCollectionApp.swift */,
				B3C339F72B00FE540003BEF4 /* ContentView.swift */,
				B3BF58912C65CBC800AD72DF /* ContentView+Layouts.swift */,
				B3BF58952C65CC6300AD72DF /* ContentView+Controls.swift */,
				B3BF58932C65CC0000AD72DF /* ContentView+TicketPreview.swift */,
				B3708CC22B5D471800357B12 /* TicketView.swift */,
				B3708CCB2B5E3D7A00357B12 /* EditorView.swift */,
				B3BF587D2C627AE000AD72DF /* DebugView.swift */,
				B3BF58972C65D17100AD72DF /* Misc */,
				B3C339F92B00FE550003BEF4 /* Assets.xcassets */,
				B3C339FB2B00FE550003BEF4 /* Preview Content */,
			);
			path = TicketCollection;
			sourceTree = "<group>";
		};
		B3C339FB2B00FE550003BEF4 /* Preview Content */ = {
			isa = PBXGroup;
			children = (
				B3C339FC2B00FE550003BEF4 /* Preview Assets.xcassets */,
			);
			path = "Preview Content";
			sourceTree = "<group>";
		};
/* End PBXGroup section */

/* Begin PBXNativeTarget section */
		B3C339F12B00FE540003BEF4 /* TicketCollection */ = {
			isa = PBXNativeTarget;
			buildConfigurationList = B3C33A002B00FE550003BEF4 /* Build configuration list for PBXNativeTarget "TicketCollection" */;
			buildPhases = (
				B3C339EE2B00FE540003BEF4 /* Sources */,
				B3C339EF2B00FE540003BEF4 /* Frameworks */,
				B3C339F02B00FE540003BEF4 /* Resources */,
			);
			buildRules = (
			);
			dependencies = (
			);
			name = TicketCollection;
			productName = TicketCollection;
			productReference = B3C339F22B00FE540003BEF4 /* TicketCollection.app */;
			productType = "com.apple.product-type.application";
		};
/* End PBXNativeTarget section */

/* Begin PBXProject section */
		B3C339EA2B00FE540003BEF4 /* Project object */ = {
			isa = PBXProject;
			attributes = {
				BuildIndependentTargetsInParallel = 1;
				LastSwiftUpdateCheck = 1500;
				LastUpgradeCheck = 1500;
				TargetAttributes = {
					B3C339F12B00FE540003BEF4 = {
						CreatedOnToolsVersion = 15.0;
					};
				};
			};
			buildConfigurationList = B3C339ED2B00FE540003BEF4 /* Build configuration list for PBXProject "TicketCollection" */;
			compatibilityVersion = "Xcode 14.0";
			developmentRegion = "zh-Hans";
			hasScannedForEncodings = 0;
			knownRegions = (
				Base,
				"zh-Hans",
			);
			mainGroup = B3C339E92B00FE540003BEF4;
			productRefGroup = B3C339F32B00FE540003BEF4 /* Products */;
			projectDirPath = "";
			projectRoot = "";
			targets = (
				B3C339F12B00FE540003BEF4 /* TicketCollection */,
			);
		};
/* End PBXProject section */

/* Begin PBXResourcesBuildPhase section */
		B3C339F02B00FE540003BEF4 /* Resources */ = {
			isa = PBXResourcesBuildPhase;
			buildActionMask = 2147483647;
			files = (
				B3BF588C2C65236C00AD72DF /* SimHei.subset.ttf in Resources */,
				B3BF588B2C65236C00AD72DF /* ArialUnicode.subset.ttf in Resources */,
				B3708CBF2B5D413800357B12 /* TechnicBold.ttf in Resources */,
				B3BF58902C65236C00AD72DF /* STSong.subset.ttf in Resources */,
				B3C339FD2B00FE550003BEF4 /* Preview Assets.xcassets in Resources */,
				B3C339FA2B00FE550003BEF4 /* Assets.xcassets in Resources */,
				B3BF588F2C65236C00AD72DF /* SimSun.subset.ttf in Resources */,
				B3BF588E2C65236C00AD72DF /* STSongti-SC-Bold.subset.ttf in Resources */,
				B3BF58882C65236C00AD72DF /* STSongti-SC-Regular.subset.ttf in Resources */,
				B3BF588A2C65236C00AD72DF /* STSongti-SC-Black.subset.ttf in Resources */,
				B3BF588D2C65236C00AD72DF /* FangSong_GB2312.subset.ttf in Resources */,
				B3BF58892C65236C00AD72DF /* STSongti-SC-Light.subset.ttf in Resources */,
			);
			runOnlyForDeploymentPostprocessing = 0;
		};
/* End PBXResourcesBuildPhase section */

/* Begin PBXSourcesBuildPhase section */
		B3C339EE2B00FE540003BEF4 /* Sources */ = {
			isa = PBXSourcesBuildPhase;
			buildActionMask = 2147483647;
			files = (
				B3C339F82B00FE540003BEF4 /* ContentView.swift in Sources */,
				B3708CC12B5D41D000357B12 /* TCFonts.swift in Sources */,
				B3708CCA2B5E395500357B12 /* QRGen.swift in Sources */,
				B3BF587E2C627AE000AD72DF /* DebugView.swift in Sources */,
				B3DB59852C37D54E00CFC01E /* TicketInfo.swift in Sources */,
				B3BF58942C65CC0000AD72DF /* ContentView+TicketPreview.swift in Sources */,
				B3708CCC2B5E3D7A00357B12 /* EditorView.swift in Sources */,
				B3BF58922C65CBC800AD72DF /* ContentView+Layouts.swift in Sources */,
				B3708CC32B5D471800357B12 /* TicketView.swift in Sources */,
				B3708CCE2B5E40CA00357B12 /* Helpers.swift in Sources */,
				B3BF58962C65CC6300AD72DF /* ContentView+Controls.swift in Sources */,
				B3C339F62B00FE540003BEF4 /* TicketCollectionApp.swift in Sources */,
			);
			runOnlyForDeploymentPostprocessing = 0;
		};
/* End PBXSourcesBuildPhase section */

/* Begin XCBuildConfiguration section */
		B3C339FE2B00FE550003BEF4 /* Debug */ = {
			isa = XCBuildConfiguration;
			buildSettings = {
				ALWAYS_SEARCH_USER_PATHS = NO;
				ASSETCATALOG_COMPILER_GENERATE_SWIFT_ASSET_SYMBOL_EXTENSIONS = YES;
				CLANG_ANALYZER_NONNULL = YES;
				CLANG_ANALYZER_NUMBER_OBJECT_CONVERSION = YES_AGGRESSIVE;
				CLANG_CXX_LANGUAGE_STANDARD = "gnu++20";
				CLANG_ENABLE_MODULES = YES;
				CLANG_ENABLE_OBJC_ARC = YES;
				CLANG_ENABLE_OBJC_WEAK = YES;
				CLANG_WARN_BLOCK_CAPTURE_AUTORELEASING = YES;
				CLANG_WARN_BOOL_CONVERSION = YES;
				CLANG_WARN_COMMA = YES;
				CLANG_WARN_CONSTANT_CONVERSION = YES;
				CLANG_WARN_DEPRECATED_OBJC_IMPLEMENTATIONS = YES;
				CLANG_WARN_DIRECT_OBJC_ISA_USAGE = YES_ERROR;
				CLANG_WARN_DOCUMENTATION_COMMENTS = YES;
				CLANG_WARN_EMPTY_BODY = YES;
				CLANG_WARN_ENUM_CONVERSION = YES;
				CLANG_WARN_INFINITE_RECURSION = YES;
				CLANG_WARN_INT_CONVERSION = YES;
				CLANG_WARN_NON_LITERAL_NULL_CONVERSION = YES;
				CLANG_WARN_OBJC_IMPLICIT_RETAIN_SELF = YES;
				CLANG_WARN_OBJC_LITERAL_CONVERSION = YES;
				CLANG_WARN_OBJC_ROOT_CLASS = YES_ERROR;
				CLANG_WARN_QUOTED_INCLUDE_IN_FRAMEWORK_HEADER = YES;
				CLANG_WARN_RANGE_LOOP_ANALYSIS = YES;
				CLANG_WARN_STRICT_PROTOTYPES = YES;
				CLANG_WARN_SUSPICIOUS_MOVE = YES;
				CLANG_WARN_UNGUARDED_AVAILABILITY = YES_AGGRESSIVE;
				CLANG_WARN_UNREACHABLE_CODE = YES;
				CLANG_WARN__DUPLICATE_METHOD_MATCH = YES;
				COPY_PHASE_STRIP = NO;
				DEBUG_INFORMATION_FORMAT = dwarf;
				ENABLE_STRICT_OBJC_MSGSEND = YES;
				ENABLE_TESTABILITY = YES;
				ENABLE_USER_SCRIPT_SANDBOXING = YES;
				GCC_C_LANGUAGE_STANDARD = gnu17;
				GCC_DYNAMIC_NO_PIC = NO;
				GCC_NO_COMMON_BLOCKS = YES;
				GCC_OPTIMIZATION_LEVEL = 0;
				GCC_PREPROCESSOR_DEFINITIONS = (
					"DEBUG=1",
					"$(inherited)",
				);
				GCC_WARN_64_TO_32_BIT_CONVERSION = YES;
				GCC_WARN_ABOUT_RETURN_TYPE = YES_ERROR;
				GCC_WARN_UNDECLARED_SELECTOR = YES;
				GCC_WARN_UNINITIALIZED_AUTOS = YES_AGGRESSIVE;
				GCC_WARN_UNUSED_FUNCTION = YES;
				GCC_WARN_UNUSED_VARIABLE = YES;
				IPHONEOS_DEPLOYMENT_TARGET = 17.5;
				LOCALIZATION_PREFERS_STRING_CATALOGS = YES;
				MTL_ENABLE_DEBUG_INFO = INCLUDE_SOURCE;
				MTL_FAST_MATH = YES;
				ONLY_ACTIVE_ARCH = YES;
				SDKROOT = iphoneos;
				SWIFT_ACTIVE_COMPILATION_CONDITIONS = "DEBUG $(inherited)";
				SWIFT_OPTIMIZATION_LEVEL = "-Onone";
			};
			name = Debug;
		};
		B3C339FF2B00FE550003BEF4 /* Release */ = {
			isa = XCBuildConfiguration;
			buildSettings = {
				ALWAYS_SEARCH_USER_PATHS = NO;
				ASSETCATALOG_COMPILER_GENERATE_SWIFT_ASSET_SYMBOL_EXTENSIONS = YES;
				CLANG_ANALYZER_NONNULL = YES;
				CLANG_ANALYZER_NUMBER_OBJECT_CONVERSION = YES_AGGRESSIVE;
				CLANG_CXX_LANGUAGE_STANDARD = "gnu++20";
				CLANG_ENABLE_MODULES = YES;
				CLANG_ENABLE_OBJC_ARC = YES;
				CLANG_ENABLE_OBJC_WEAK = YES;
				CLANG_WARN_BLOCK_CAPTURE_AUTORELEASING = YES;
				CLANG_WARN_BOOL_CONVERSION = YES;
				CLANG_WARN_COMMA = YES;
				CLANG_WARN_CONSTANT_CONVERSION = YES;
				CLANG_WARN_DEPRECATED_OBJC_IMPLEMENTATIONS = YES;
				CLANG_WARN_DIRECT_OBJC_ISA_USAGE = YES_ERROR;
				CLANG_WARN_DOCUMENTATION_COMMENTS = YES;
				CLANG_WARN_EMPTY_BODY = YES;
				CLANG_WARN_ENUM_CONVERSION = YES;
				CLANG_WARN_INFINITE_RECURSION = YES;
				CLANG_WARN_INT_CONVERSION = YES;
				CLANG_WARN_NON_LITERAL_NULL_CONVERSION = YES;
				CLANG_WARN_OBJC_IMPLICIT_RETAIN_SELF = YES;
				CLANG_WARN_OBJC_LITERAL_CONVERSION = YES;
				CLANG_WARN_OBJC_ROOT_CLASS = YES_ERROR;
				CLANG_WARN_QUOTED_INCLUDE_IN_FRAMEWORK_HEADER = YES;
				CLANG_WARN_RANGE_LOOP_ANALYSIS = YES;
				CLANG_WARN_STRICT_PROTOTYPES = YES;
				CLANG_WARN_SUSPICIOUS_MOVE = YES;
				CLANG_WARN_UNGUARDED_AVAILABILITY = YES_AGGRESSIVE;
				CLANG_WARN_UNREACHABLE_CODE = YES;
				CLANG_WARN__DUPLICATE_METHOD_MATCH = YES;
				COPY_PHASE_STRIP = NO;
				DEBUG_INFORMATION_FORMAT = "dwarf-with-dsym";
				ENABLE_NS_ASSERTIONS = NO;
				ENABLE_STRICT_OBJC_MSGSEND = YES;
				ENABLE_USER_SCRIPT_SANDBOXING = YES;
				GCC_C_LANGUAGE_STANDARD = gnu17;
				GCC_NO_COMMON_BLOCKS = YES;
				GCC_WARN_64_TO_32_BIT_CONVERSION = YES;
				GCC_WARN_ABOUT_RETURN_TYPE = YES_ERROR;
				GCC_WARN_UNDECLARED_SELECTOR = YES;
				GCC_WARN_UNINITIALIZED_AUTOS = YES_AGGRESSIVE;
				GCC_WARN_UNUSED_FUNCTION = YES;
				GCC_WARN_UNUSED_VARIABLE = YES;
				IPHONEOS_DEPLOYMENT_TARGET = 17.5;
				LOCALIZATION_PREFERS_STRING_CATALOGS = YES;
				MTL_ENABLE_DEBUG_INFO = NO;
				MTL_FAST_MATH = YES;
				SDKROOT = iphoneos;
				SWIFT_COMPILATION_MODE = wholemodule;
				VALIDATE_PRODUCT = YES;
			};
			name = Release;
		};
		B3C33A012B00FE550003BEF4 /* Debug */ = {
			isa = XCBuildConfiguration;
			buildSettings = {
				ASSETCATALOG_COMPILER_APPICON_NAME = AppIcon;
				ASSETCATALOG_COMPILER_GLOBAL_ACCENT_COLOR_NAME = AccentColor;
				CODE_SIGN_STYLE = Automatic;
				CURRENT_PROJECT_VERSION = 14;
				DEVELOPMENT_ASSET_PATHS = "\"TicketCollection/Preview Content\"";
				DEVELOPMENT_TEAM = JS2ME2LTBF;
				ENABLE_PREVIEWS = YES;
				GENERATE_INFOPLIST_FILE = YES;
				INFOPLIST_FILE = TicketCollection/Info.plist;
				INFOPLIST_KEY_CFBundleDisplayName = TicketBox;
				INFOPLIST_KEY_LSApplicationCategoryType = "public.app-category.utilities";
				INFOPLIST_KEY_UIApplicationSceneManifest_Generation = YES;
				INFOPLIST_KEY_UIApplicationSupportsIndirectInputEvents = YES;
				INFOPLIST_KEY_UILaunchScreen_Generation = YES;
				INFOPLIST_KEY_UISupportedInterfaceOrientations = UIInterfaceOrientationPortrait;
				INFOPLIST_KEY_UISupportedInterfaceOrientations_iPad = "UIInterfaceOrientationLandscapeLeft UIInterfaceOrientationLandscapeRight UIInterfaceOrientationPortrait UIInterfaceOrientationPortraitUpsideDown";
				IPHONEOS_DEPLOYMENT_TARGET = 17.1;
				LD_RUNPATH_SEARCH_PATHS = (
					"$(inherited)",
					"@executable_path/Frameworks",
				);
				MARKETING_VERSION = 1.2.10;
				PRODUCT_BUNDLE_IDENTIFIER = com.wyw.TicketCollection;
				PRODUCT_NAME = "$(TARGET_NAME)";
				SUPPORTED_PLATFORMS = "iphoneos iphonesimulator";
				SUPPORTS_MACCATALYST = NO;
				SUPPORTS_XR_DESIGNED_FOR_IPHONE_IPAD = NO;
				SWIFT_EMIT_LOC_STRINGS = YES;
				SWIFT_VERSION = 5.0;
				TARGETED_DEVICE_FAMILY = "1,2";
			};
			name = Debug;
		};
		B3C33A022B00FE550003BEF4 /* Release */ = {
			isa = XCBuildConfiguration;
			buildSettings = {
				ASSETCATALOG_COMPILER_APPICON_NAME = AppIcon;
				ASSETCATALOG_COMPILER_GLOBAL_ACCENT_COLOR_NAME = AccentColor;
				CODE_SIGN_STYLE = Automatic;
				CURRENT_PROJECT_VERSION = 14;
				DEVELOPMENT_ASSET_PATHS = "\"TicketCollection/Preview Content\"";
				DEVELOPMENT_TEAM = JS2ME2LTBF;
				ENABLE_PREVIEWS = YES;
				GENERATE_INFOPLIST_FILE = YES;
				INFOPLIST_FILE = TicketCollection/Info.plist;
				INFOPLIST_KEY_CFBundleDisplayName = TicketBox;
				INFOPLIST_KEY_LSApplicationCategoryType = "public.app-category.utilities";
				INFOPLIST_KEY_UIApplicationSceneManifest_Generation = YES;
				INFOPLIST_KEY_UIApplicationSupportsIndirectInputEvents = YES;
				INFOPLIST_KEY_UILaunchScreen_Generation = YES;
				INFOPLIST_KEY_UISupportedInterfaceOrientations = UIInterfaceOrientationPortrait;
				INFOPLIST_KEY_UISupportedInterfaceOrientations_iPad = "UIInterfaceOrientationLandscapeLeft UIInterfaceOrientationLandscapeRight UIInterfaceOrientationPortrait UIInterfaceOrientationPortraitUpsideDown";
				IPHONEOS_DEPLOYMENT_TARGET = 17.1;
				LD_RUNPATH_SEARCH_PATHS = (
					"$(inherited)",
					"@executable_path/Frameworks",
				);
				MARKETING_VERSION = 1.2.10;
				PRODUCT_BUNDLE_IDENTIFIER = com.wyw.TicketCollection;
				PRODUCT_NAME = "$(TARGET_NAME)";
				SUPPORTED_PLATFORMS = "iphoneos iphonesimulator";
				SUPPORTS_MACCATALYST = NO;
				SUPPORTS_XR_DESIGNED_FOR_IPHONE_IPAD = NO;
				SWIFT_EMIT_LOC_STRINGS = YES;
				SWIFT_VERSION = 5.0;
				TARGETED_DEVICE_FAMILY = "1,2";
			};
			name = Release;
		};
/* End XCBuildConfiguration section */

/* Begin XCConfigurationList section */
		B3C339ED2B00FE540003BEF4 /* Build configuration list for PBXProject "TicketCollection" */ = {
			isa = XCConfigurationList;
			buildConfigurations = (
				B3C339FE2B00FE550003BEF4 /* Debug */,
				B3C339FF2B00FE550003BEF4 /* Release */,
			);
			defaultConfigurationIsVisible = 0;
			defaultConfigurationName = Release;
		};
		B3C33A002B00FE550003BEF4 /* Build configuration list for PBXNativeTarget "TicketCollection" */ = {
			isa = XCConfigurationList;
			buildConfigurations = (
				B3C33A012B00FE550003BEF4 /* Debug */,
				B3C33A022B00FE550003BEF4 /* Release */,
			);
			defaultConfigurationIsVisible = 0;
			defaultConfigurationName = Release;
		};
/* End XCConfigurationList section */
	};
	rootObject = B3C339EA2B00FE540003BEF4 /* Project object */;
}
